
Microsoft Visual Studio Solution File, Format Version 12.00
# Visual Studio Version 16
VisualStudioVersion = 16.0.31313.79
MinimumVisualStudioVersion = 10.0.40219.1
Project("{FAE04EC0-301F-11D3-BF4B-00C04F79EFBC}") = "Dio.ApiCatalogoDeJogos", "Dio.ApiCatalogoDeJogos.csproj", "{7FA82C1C-CD99-4675-8153-F3A771EAE5B8}"
EndProject
Global
	GlobalSection(SolutionConfigurationPlatforms) = preSolution
		Debug|Any CPU = Debug|Any CPU
		Release|Any CPU = Release|Any CPU
	EndGlobalSection
	GlobalSection(ProjectConfigurationPlatforms) = postSolution
		{7FA82C1C-CD99-4675-8153-F3A771EAE5B8}.Debug|Any CPU.ActiveCfg = Debug|Any CPU
		{7FA82C1C-CD99-4675-8153-F3A771EAE5B8}.Debug|Any CPU.Build.0 = Debug|Any CPU
		{7FA82C1C-CD99-4675-8153-F3A771EAE5B8}.Release|Any CPU.ActiveCfg = Release|Any CPU
		{7FA82C1C-CD99-4675-8153-F3A771EAE5B8}.Release|Any CPU.Build.0 = Release|Any CPU
	EndGlobalSection
	GlobalSection(SolutionProperties) = preSolution
		HideSolutionNode = FALSE
	EndGlobalSection
	GlobalSection(ExtensibilityGlobals) = postSolution
		SolutionGuid = {87E1F23C-8FE4-4E4A-9377-50ED7FCDBA5B}
	EndGlobalSection
EndGlobal
